
Microsoft Visual Studio Solution File, Format Version 12.00
# Visual Studio 14
VisualStudioVersion = 14.0.25420.1
MinimumVisualStudioVersion = 10.0.40219.1
Project("{8BC9CEB8-8B4A-11D0-8D11-00A0C91BC942}") = "AddTwo", "AddTwo\AddTwo.vcxproj", "{FCBF2B3E-49D1-4A4C-9AAA-FC4F440A07E2}"
EndProject
Project("{8BC9CEB8-8B4A-11D0-8D11-00A0C91BC942}") = "LongSubStr", "LongSubStr\LongSubStr.vcxproj", "{A43D27D1-425D-4A09-9C5A-6C3FE86A94F9}"
EndProject
Project("{8BC9CEB8-8B4A-11D0-8D11-00A0C91BC942}") = "MidNum", "MidNum\MidNum.vcxproj", "{0C9B0E7F-F79A-40FD-A302-81DE116AF015}"
EndProject
Project("{8BC9CEB8-8B4A-11D0-8D11-00A0C91BC942}") = "Palindrome", "Palindrome\Palindrome.vcxproj", "{6D8BB53D-4606-4B71-A5DF-730B78654D61}"
EndProject
Project("{8BC9CEB8-8B4A-11D0-8D11-00A0C91BC942}") = "ZigZag", "ZigZag\ZigZag.vcxproj", "{8ACE077D-637E-4E8C-A9A4-7D713F665EE3}"
EndProject
Project("{8BC9CEB8-8B4A-11D0-8D11-00A0C91BC942}") = "ReverseInt", "ReverseInt\ReverseInt.vcxproj", "{2D336669-0C39-4FE9-BF69-53617555ABA1}"
EndProject
Project("{8BC9CEB8-8B4A-11D0-8D11-00A0C91BC942}") = "myAtoi", "myAtoi\myAtoi.vcxproj", "{959334BF-FF1D-4276-B6A2-C48028EA1479}"
EndProject
Project("{8BC9CEB8-8B4A-11D0-8D11-00A0C91BC942}") = "IsPalin", "IsPalin\IsPalin.vcxproj", "{2D701BA1-17A5-4ED9-B354-DF7FFE756D52}"
EndProject
Project("{8BC9CEB8-8B4A-11D0-8D11-00A0C91BC942}") = "RegularExpression", "RegularExpression\RegularExpression.vcxproj", "{A759E663-6ED8-45A3-B364-3715615E48C0}"
EndProject
Project("{8BC9CEB8-8B4A-11D0-8D11-00A0C91BC942}") = "MostWater", "MostWater\MostWater.vcxproj", "{EAA9318C-125B-47BB-A20A-48067C164A52}"
EndProject
Project("{8BC9CEB8-8B4A-11D0-8D11-00A0C91BC942}") = "MaxPrefix", "MaxPrefix\MaxPrefix.vcxproj", "{D2AC9A2B-94ED-463C-8408-06A98E60B6F6}"
EndProject
Project("{888888A0-9F3D-457C-B088-3A5042F75D52}") = "NewTEst", "NewTEst\NewTest.pyproj", "{3613CEB3-392D-4A2A-812C-EAFA0BCC95EC}"
EndProject
Global
	GlobalSection(SolutionConfigurationPlatforms) = preSolution
		Debug|Any CPU = Debug|Any CPU
		Debug|x64 = Debug|x64
		Debug|x86 = Debug|x86
		Release|Any CPU = Release|Any CPU
		Release|x64 = Release|x64
		Release|x86 = Release|x86
	EndGlobalSection
	GlobalSection(ProjectConfigurationPlatforms) = postSolution
		{FCBF2B3E-49D1-4A4C-9AAA-FC4F440A07E2}.Debug|Any CPU.ActiveCfg = Debug|Win32
		{FCBF2B3E-49D1-4A4C-9AAA-FC4F440A07E2}.Debug|x64.ActiveCfg = Debug|x64
		{FCBF2B3E-49D1-4A4C-9AAA-FC4F440A07E2}.Debug|x64.Build.0 = Debug|x64
		{FCBF2B3E-49D1-4A4C-9AAA-FC4F440A07E2}.Debug|x86.ActiveCfg = Debug|Win32
		{FCBF2B3E-49D1-4A4C-9AAA-FC4F440A07E2}.Debug|x86.Build.0 = Debug|Win32
		{FCBF2B3E-49D1-4A4C-9AAA-FC4F440A07E2}.Release|Any CPU.ActiveCfg = Release|Win32
		{FCBF2B3E-49D1-4A4C-9AAA-FC4F440A07E2}.Release|x64.ActiveCfg = Release|x64
		{FCBF2B3E-49D1-4A4C-9AAA-FC4F440A07E2}.Release|x64.Build.0 = Release|x64
		{FCBF2B3E-49D1-4A4C-9AAA-FC4F440A07E2}.Release|x86.ActiveCfg = Release|Win32
		{FCBF2B3E-49D1-4A4C-9AAA-FC4F440A07E2}.Release|x86.Build.0 = Release|Win32
		{A43D27D1-425D-4A09-9C5A-6C3FE86A94F9}.Debug|Any CPU.ActiveCfg = Debug|Win32
		{A43D27D1-425D-4A09-9C5A-6C3FE86A94F9}.Debug|x64.ActiveCfg = Debug|x64
		{A43D27D1-425D-4A09-9C5A-6C3FE86A94F9}.Debug|x64.Build.0 = Debug|x64
		{A43D27D1-425D-4A09-9C5A-6C3FE86A94F9}.Debug|x86.ActiveCfg = Debug|Win32
		{A43D27D1-425D-4A09-9C5A-6C3FE86A94F9}.Debug|x86.Build.0 = Debug|Win32
		{A43D27D1-425D-4A09-9C5A-6C3FE86A94F9}.Release|Any CPU.ActiveCfg = Release|Win32
		{A43D27D1-425D-4A09-9C5A-6C3FE86A94F9}.Release|x64.ActiveCfg = Release|x64
		{A43D27D1-425D-4A09-9C5A-6C3FE86A94F9}.Release|x64.Build.0 = Release|x64
		{A43D27D1-425D-4A09-9C5A-6C3FE86A94F9}.Release|x86.ActiveCfg = Release|Win32
		{A43D27D1-425D-4A09-9C5A-6C3FE86A94F9}.Release|x86.Build.0 = Release|Win32
		{0C9B0E7F-F79A-40FD-A302-81DE116AF015}.Debug|Any CPU.ActiveCfg = Debug|Win32
		{0C9B0E7F-F79A-40FD-A302-81DE116AF015}.Debug|x64.ActiveCfg = Debug|x64
		{0C9B0E7F-F79A-40FD-A302-81DE116AF015}.Debug|x64.Build.0 = Debug|x64
		{0C9B0E7F-F79A-40FD-A302-81DE116AF015}.Debug|x86.ActiveCfg = Debug|Win32
		{0C9B0E7F-F79A-40FD-A302-81DE116AF015}.Debug|x86.Build.0 = Debug|Win32
		{0C9B0E7F-F79A-40FD-A302-81DE116AF015}.Release|Any CPU.ActiveCfg = Release|Win32
		{0C9B0E7F-F79A-40FD-A302-81DE116AF015}.Release|x64.ActiveCfg = Release|x64
		{0C9B0E7F-F79A-40FD-A302-81DE116AF015}.Release|x64.Build.0 = Release|x64
		{0C9B0E7F-F79A-40FD-A302-81DE116AF015}.Release|x86.ActiveCfg = Release|Win32
		{0C9B0E7F-F79A-40FD-A302-81DE116AF015}.Release|x86.Build.0 = Release|Win32
		{6D8BB53D-4606-4B71-A5DF-730B78654D61}.Debug|Any CPU.ActiveCfg = Debug|Win32
		{6D8BB53D-4606-4B71-A5DF-730B78654D61}.Debug|x64.ActiveCfg = Debug|x64
		{6D8BB53D-4606-4B71-A5DF-730B78654D61}.Debug|x64.Build.0 = Debug|x64
		{6D8BB53D-4606-4B71-A5DF-730B78654D61}.Debug|x86.ActiveCfg = Debug|Win32
		{6D8BB53D-4606-4B71-A5DF-730B78654D61}.Debug|x86.Build.0 = Debug|Win32
		{6D8BB53D-4606-4B71-A5DF-730B78654D61}.Release|Any CPU.ActiveCfg = Release|Win32
		{6D8BB53D-4606-4B71-A5DF-730B78654D61}.Release|x64.ActiveCfg = Release|x64
		{6D8BB53D-4606-4B71-A5DF-730B78654D61}.Release|x64.Build.0 = Release|x64
		{6D8BB53D-4606-4B71-A5DF-730B78654D61}.Release|x86.ActiveCfg = Release|Win32
		{6D8BB53D-4606-4B71-A5DF-730B78654D61}.Release|x86.Build.0 = Release|Win32
		{8ACE077D-637E-4E8C-A9A4-7D713F665EE3}.Debug|Any CPU.ActiveCfg = Debug|Win32
		{8ACE077D-637E-4E8C-A9A4-7D713F665EE3}.Debug|x64.ActiveCfg = Debug|x64
		{8ACE077D-637E-4E8C-A9A4-7D713F665EE3}.Debug|x64.Build.0 = Debug|x64
		{8ACE077D-637E-4E8C-A9A4-7D713F665EE3}.Debug|x86.ActiveCfg = Debug|Win32
		{8ACE077D-637E-4E8C-A9A4-7D713F665EE3}.Debug|x86.Build.0 = Debug|Win32
		{8ACE077D-637E-4E8C-A9A4-7D713F665EE3}.Release|Any CPU.ActiveCfg = Release|Win32
		{8ACE077D-637E-4E8C-A9A4-7D713F665EE3}.Release|x64.ActiveCfg = Release|x64
		{8ACE077D-637E-4E8C-A9A4-7D713F665EE3}.Release|x64.Build.0 = Release|x64
		{8ACE077D-637E-4E8C-A9A4-7D713F665EE3}.Release|x86.ActiveCfg = Release|Win32
		{8ACE077D-637E-4E8C-A9A4-7D713F665EE3}.Release|x86.Build.0 = Release|Win32
		{2D336669-0C39-4FE9-BF69-53617555ABA1}.Debug|Any CPU.ActiveCfg = Debug|Win32
		{2D336669-0C39-4FE9-BF69-53617555ABA1}.Debug|x64.ActiveCfg = Debug|x64
		{2D336669-0C39-4FE9-BF69-53617555ABA1}.Debug|x64.Build.0 = Debug|x64
		{2D336669-0C39-4FE9-BF69-53617555ABA1}.Debug|x86.ActiveCfg = Debug|Win32
		{2D336669-0C39-4FE9-BF69-53617555ABA1}.Debug|x86.Build.0 = Debug|Win32
		{2D336669-0C39-4FE9-BF69-53617555ABA1}.Release|Any CPU.ActiveCfg = Release|Win32
		{2D336669-0C39-4FE9-BF69-53617555ABA1}.Release|x64.ActiveCfg = Release|x64
		{2D336669-0C39-4FE9-BF69-53617555ABA1}.Release|x64.Build.0 = Release|x64
		{2D336669-0C39-4FE9-BF69-53617555ABA1}.Release|x86.ActiveCfg = Release|Win32
		{2D336669-0C39-4FE9-BF69-53617555ABA1}.Release|x86.Build.0 = Release|Win32
		{959334BF-FF1D-4276-B6A2-C48028EA1479}.Debug|Any CPU.ActiveCfg = Debug|Win32
		{959334BF-FF1D-4276-B6A2-C48028EA1479}.Debug|x64.ActiveCfg = Debug|x64
		{959334BF-FF1D-4276-B6A2-C48028EA1479}.Debug|x64.Build.0 = Debug|x64
		{959334BF-FF1D-4276-B6A2-C48028EA1479}.Debug|x86.ActiveCfg = Debug|Win32
		{959334BF-FF1D-4276-B6A2-C48028EA1479}.Debug|x86.Build.0 = Debug|Win32
		{959334BF-FF1D-4276-B6A2-C48028EA1479}.Release|Any CPU.ActiveCfg = Release|Win32
		{959334BF-FF1D-4276-B6A2-C48028EA1479}.Release|x64.ActiveCfg = Release|x64
		{959334BF-FF1D-4276-B6A2-C48028EA1479}.Release|x64.Build.0 = Release|x64
		{959334BF-FF1D-4276-B6A2-C48028EA1479}.Release|x86.ActiveCfg = Release|Win32
		{959334BF-FF1D-4276-B6A2-C48028EA1479}.Release|x86.Build.0 = Release|Win32
		{2D701BA1-17A5-4ED9-B354-DF7FFE756D52}.Debug|Any CPU.ActiveCfg = Debug|Win32
		{2D701BA1-17A5-4ED9-B354-DF7FFE756D52}.Debug|x64.ActiveCfg = Debug|x64
		{2D701BA1-17A5-4ED9-B354-DF7FFE756D52}.Debug|x64.Build.0 = Debug|x64
		{2D701BA1-17A5-4ED9-B354-DF7FFE756D52}.Debug|x86.ActiveCfg = Debug|Win32
		{2D701BA1-17A5-4ED9-B354-DF7FFE756D52}.Debug|x86.Build.0 = Debug|Win32
		{2D701BA1-17A5-4ED9-B354-DF7FFE756D52}.Release|Any CPU.ActiveCfg = Release|Win32
		{2D701BA1-17A5-4ED9-B354-DF7FFE756D52}.Release|x64.ActiveCfg = Release|x64
		{2D701BA1-17A5-4ED9-B354-DF7FFE756D52}.Release|x64.Build.0 = Release|x64
		{2D701BA1-17A5-4ED9-B354-DF7FFE756D52}.Release|x86.ActiveCfg = Release|Win32
		{2D701BA1-17A5-4ED9-B354-DF7FFE756D52}.Release|x86.Build.0 = Release|Win32
		{A759E663-6ED8-45A3-B364-3715615E48C0}.Debug|Any CPU.ActiveCfg = Debug|Win32
		{A759E663-6ED8-45A3-B364-3715615E48C0}.Debug|x64.ActiveCfg = Debug|x64
		{A759E663-6ED8-45A3-B364-3715615E48C0}.Debug|x64.Build.0 = Debug|x64
		{A759E663-6ED8-45A3-B364-3715615E48C0}.Debug|x86.ActiveCfg = Debug|Win32
		{A759E663-6ED8-45A3-B364-3715615E48C0}.Debug|x86.Build.0 = Debug|Win32
		{A759E663-6ED8-45A3-B364-3715615E48C0}.Release|Any CPU.ActiveCfg = Release|Win32
		{A759E663-6ED8-45A3-B364-3715615E48C0}.Release|x64.ActiveCfg = Release|x64
		{A759E663-6ED8-45A3-B364-3715615E48C0}.Release|x64.Build.0 = Release|x64
		{A759E663-6ED8-45A3-B364-3715615E48C0}.Release|x86.ActiveCfg = Release|Win32
		{A759E663-6ED8-45A3-B364-3715615E48C0}.Release|x86.Build.0 = Release|Win32
		{EAA9318C-125B-47BB-A20A-48067C164A52}.Debug|Any CPU.ActiveCfg = Debug|Win32
		{EAA9318C-125B-47BB-A20A-48067C164A52}.Debug|x64.ActiveCfg = Debug|x64
		{EAA9318C-125B-47BB-A20A-48067C164A52}.Debug|x64.Build.0 = Debug|x64
		{EAA9318C-125B-47BB-A20A-48067C164A52}.Debug|x86.ActiveCfg = Debug|Win32
		{EAA9318C-125B-47BB-A20A-48067C164A52}.Debug|x86.Build.0 = Debug|Win32
		{EAA9318C-125B-47BB-A20A-48067C164A52}.Release|Any CPU.ActiveCfg = Release|Win32
		{EAA9318C-125B-47BB-A20A-48067C164A52}.Release|x64.ActiveCfg = Release|x64
		{EAA9318C-125B-47BB-A20A-48067C164A52}.Release|x64.Build.0 = Release|x64
		{EAA9318C-125B-47BB-A20A-48067C164A52}.Release|x86.ActiveCfg = Release|Win32
		{EAA9318C-125B-47BB-A20A-48067C164A52}.Release|x86.Build.0 = Release|Win32
		{D2AC9A2B-94ED-463C-8408-06A98E60B6F6}.Debug|Any CPU.ActiveCfg = Debug|Win32
		{D2AC9A2B-94ED-463C-8408-06A98E60B6F6}.Debug|x64.ActiveCfg = Debug|x64
		{D2AC9A2B-94ED-463C-8408-06A98E60B6F6}.Debug|x64.Build.0 = Debug|x64
		{D2AC9A2B-94ED-463C-8408-06A98E60B6F6}.Debug|x86.ActiveCfg = Debug|Win32
		{D2AC9A2B-94ED-463C-8408-06A98E60B6F6}.Debug|x86.Build.0 = Debug|Win32
		{D2AC9A2B-94ED-463C-8408-06A98E60B6F6}.Release|Any CPU.ActiveCfg = Release|Win32
		{D2AC9A2B-94ED-463C-8408-06A98E60B6F6}.Release|x64.ActiveCfg = Release|x64
		{D2AC9A2B-94ED-463C-8408-06A98E60B6F6}.Release|x64.Build.0 = Release|x64
		{D2AC9A2B-94ED-463C-8408-06A98E60B6F6}.Release|x86.ActiveCfg = Release|Win32
		{D2AC9A2B-94ED-463C-8408-06A98E60B6F6}.Release|x86.Build.0 = Release|Win32
		{3613CEB3-392D-4A2A-812C-EAFA0BCC95EC}.Debug|Any CPU.ActiveCfg = Debug|Any CPU
		{3613CEB3-392D-4A2A-812C-EAFA0BCC95EC}.Debug|x64.ActiveCfg = Debug|Any CPU
		{3613CEB3-392D-4A2A-812C-EAFA0BCC95EC}.Debug|x86.ActiveCfg = Debug|Any CPU
		{3613CEB3-392D-4A2A-812C-EAFA0BCC95EC}.Release|Any CPU.ActiveCfg = Release|Any CPU
		{3613CEB3-392D-4A2A-812C-EAFA0BCC95EC}.Release|x64.ActiveCfg = Release|Any CPU
		{3613CEB3-392D-4A2A-812C-EAFA0BCC95EC}.Release|x86.ActiveCfg = Release|Any CPU
	EndGlobalSection
	GlobalSection(SolutionProperties) = preSolution
		HideSolutionNode = FALSE
	EndGlobalSection
EndGlobal
